PODS:
  - CollectionAndTableViewCompatible (0.1.2)

DEPENDENCIES:
  - CollectionAndTableViewCompatible (from `../`)

EXTERNAL SOURCES:
  CollectionAndTableViewCompatible:
    :path: ../

SPEC CHECKSUMS:
  CollectionAndTableViewCompatible: b8f223eda8f68afad42b02f7dbb57b0ac09f4dc5

PODFILE CHECKSUM: 7316df217a92d73c6d9cbdab3ed8efe6d3865cd8

COCOAPODS: 1.2.1
