PODS:
  - CollectionAndTableViewCompatible (0.1.1)

DEPENDENCIES:
  - CollectionAndTableViewCompatible (from `../`)

EXTERNAL SOURCES:
  CollectionAndTableViewCompatible:
    :path: ../

SPEC CHECKSUMS:
  CollectionAndTableViewCompatible: a911213a37e8b20e49e377cdcfafa51dac2737e4

PODFILE CHECKSUM: 90c229e6f8a2cd16205534cc43af2d406164297f

COCOAPODS: 1.1.1
