PODS:
  - CollectionAndTableViewCompatible (0.2.0)

DEPENDENCIES:
  - CollectionAndTableViewCompatible (from `../`)

EXTERNAL SOURCES:
  CollectionAndTableViewCompatible:
    :path: "../"

SPEC CHECKSUMS:
  CollectionAndTableViewCompatible: ba22049a5a5d5e4ba747c15d6de014abc777c0b8

PODFILE CHECKSUM: 7316df217a92d73c6d9cbdab3ed8efe6d3865cd8

COCOAPODS: 1.5.3
