// !$*UTF8*$!
{
	archiveVersion = 1;
	classes = {
	};
	objectVersion = 50;
	objects = {

/* Begin PBXBuildFile section */
		356722C9224B72D200E67BE4 /* CollectionAndTableViewCompatible.h in Headers */ = {isa = PBXBuildFile; fileRef = 356722C7224B72D200E67BE4 /* CollectionAndTableViewCompatible.h */; settings = {ATTRIBUTES = (Public, ); }; };
		356722DB224B72EA00E67BE4 /* CollectionViewDataSource.swift in Sources */ = {isa = PBXBuildFile; fileRef = 356722CE224B72EA00E67BE4 /* CollectionViewDataSource.swift */; };
		356722DC224B72EA00E67BE4 /* CollectionViewCompatible.swift in Sources */ = {isa = PBXBuildFile; fileRef = 356722CF224B72EA00E67BE4 /* CollectionViewCompatible.swift */; };
		356722DD224B72EA00E67BE4 /* CollectionViewSection.swift in Sources */ = {isa = PBXBuildFile; fileRef = 356722D0224B72EA00E67BE4 /* CollectionViewSection.swift */; };
		356722DE224B72EA00E67BE4 /* CollectionViewData.swift in Sources */ = {isa = PBXBuildFile; fileRef = 356722D1224B72EA00E67BE4 /* CollectionViewData.swift */; };
		356722DF224B72EA00E67BE4 /* CollectionAndTableViewCompatible.swift in Sources */ = {isa = PBXBuildFile; fileRef = 356722D3224B72EA00E67BE4 /* CollectionAndTableViewCompatible.swift */; };
		356722E0224B72EA00E67BE4 /* Configurable.swift in Sources */ = {isa = PBXBuildFile; fileRef = 356722D4224B72EA00E67BE4 /* Configurable.swift */; };
		356722E1224B72EA00E67BE4 /* DisplayCycle.swift in Sources */ = {isa = PBXBuildFile; fileRef = 356722D5224B72EA00E67BE4 /* DisplayCycle.swift */; };
		356722E2224B72EA00E67BE4 /* TableViewDataSource.swift in Sources */ = {isa = PBXBuildFile; fileRef = 356722D7224B72EA00E67BE4 /* TableViewDataSource.swift */; };
		356722E3224B72EA00E67BE4 /* TableViewCompatible.swift in Sources */ = {isa = PBXBuildFile; fileRef = 356722D8224B72EA00E67BE4 /* TableViewCompatible.swift */; };
		356722E4224B72EA00E67BE4 /* TableViewData.swift in Sources */ = {isa = PBXBuildFile; fileRef = 356722D9224B72EA00E67BE4 /* TableViewData.swift */; };
		356722E5224B72EA00E67BE4 /* TableViewSection.swift in Sources */ = {isa = PBXBuildFile; fileRef = 356722DA224B72EA00E67BE4 /* TableViewSection.swift */; };
/* End PBXBuildFile section */

/* Begin PBXFileReference section */
		356722C4224B72D200E67BE4 /* CollectionAndTableViewCompatible.framework */ = {isa = PBXFileReference; explicitFileType = wrapper.framework; includeInIndex = 0; path = CollectionAndTableViewCompatible.framework; sourceTree = BUILT_PRODUCTS_DIR; };
		356722C7224B72D200E67BE4 /* CollectionAndTableViewCompatible.h */ = {isa = PBXFileReference; lastKnownFileType = sourcecode.c.h; path = CollectionAndTableViewCompatible.h; sourceTree = "<group>"; };
		356722C8224B72D200E67BE4 /* Info.plist */ = {isa = PBXFileReference; lastKnownFileType = text.plist.xml; path = Info.plist; sourceTree = "<group>"; };
		356722CE224B72EA00E67BE4 /* CollectionViewDataSource.swift */ = {isa = PBXFileReference; fileEncoding = 4; lastKnownFileType = sourcecode.swift; path = CollectionViewDataSource.swift; sourceTree = "<group>"; };
		356722CF224B72EA00E67BE4 /* CollectionViewCompatible.swift */ = {isa = PBXFileReference; fileEncoding = 4; lastKnownFileType = sourcecode.swift; path = CollectionViewCompatible.swift; sourceTree = "<group>"; };
		356722D0224B72EA00E67BE4 /* CollectionViewSection.swift */ = {isa = PBXFileReference; fileEncoding = 4; lastKnownFileType = sourcecode.swift; path = CollectionViewSection.swift; sourceTree = "<group>"; };
		356722D1224B72EA00E67BE4 /* CollectionViewData.swift */ = {isa = PBXFileReference; fileEncoding = 4; lastKnownFileType = sourcecode.swift; path = CollectionViewData.swift; sourceTree = "<group>"; };
		356722D3224B72EA00E67BE4 /* CollectionAndTableViewCompatible.swift */ = {isa = PBXFileReference; fileEncoding = 4; lastKnownFileType = sourcecode.swift; path = CollectionAndTableViewCompatible.swift; sourceTree = "<group>"; };
		356722D4224B72EA00E67BE4 /* Configurable.swift */ = {isa = PBXFileReference; fileEncoding = 4; lastKnownFileType = sourcecode.swift; path = Configurable.swift; sourceTree = "<group>"; };
		356722D5224B72EA00E67BE4 /* DisplayCycle.swift */ = {isa = PBXFileReference; fileEncoding = 4; lastKnownFileType = sourcecode.swift; path = DisplayCycle.swift; sourceTree = "<group>"; };
		356722D7224B72EA00E67BE4 /* TableViewDataSource.swift */ = {isa = PBXFileReference; fileEncoding = 4; lastKnownFileType = sourcecode.swift; path = TableViewDataSource.swift; sourceTree = "<group>"; };
		356722D8224B72EA00E67BE4 /* TableViewCompatible.swift */ = {isa = PBXFileReference; fileEncoding = 4; lastKnownFileType = sourcecode.swift; path = TableViewCompatible.swift; sourceTree = "<group>"; };
		356722D9224B72EA00E67BE4 /* TableViewData.swift */ = {isa = PBXFileReference; fileEncoding = 4; lastKnownFileType = sourcecode.swift; path = TableViewData.swift; sourceTree = "<group>"; };
		356722DA224B72EA00E67BE4 /* TableViewSection.swift */ = {isa = PBXFileReference; fileEncoding = 4; lastKnownFileType = sourcecode.swift; path = TableViewSection.swift; sourceTree = "<group>"; };
/* End PBXFileReference section */

/* Begin PBXFrameworksBuildPhase section */
		356722C1224B72D200E67BE4 /* Frameworks */ = {
			isa = PBXFrameworksBuildPhase;
			buildActionMask = 2147483647;
			files = (
			);
			runOnlyForDeploymentPostprocessing = 0;
		};
/* End PBXFrameworksBuildPhase section */

/* Begin PBXGroup section */
		356722B8224B719B00E67BE4 = {
			isa = PBXGroup;
			children = (
				356722C6224B72D200E67BE4 /* CollectionAndTableViewCompatible */,
				356722C5224B72D200E67BE4 /* Products */,
			);
			sourceTree = "<group>";
		};
		356722C5224B72D200E67BE4 /* Products */ = {
			isa = PBXGroup;
			children = (
				356722C4224B72D200E67BE4 /* CollectionAndTableViewCompatible.framework */,
			);
			name = Products;
			sourceTree = "<group>";
		};
		356722C6224B72D200E67BE4 /* CollectionAndTableViewCompatible */ = {
			isa = PBXGroup;
			children = (
				356722CD224B72EA00E67BE4 /* CollectionViewCompatible */,
				356722D2224B72EA00E67BE4 /* Shared */,
				356722D6224B72EA00E67BE4 /* TableViewCompatible */,
				356722C7224B72D200E67BE4 /* CollectionAndTableViewCompatible.h */,
				356722C8224B72D200E67BE4 /* Info.plist */,
			);
			path = CollectionAndTableViewCompatible;
			sourceTree = "<group>";
		};
		356722CD224B72EA00E67BE4 /* CollectionViewCompatible */ = {
			isa = PBXGroup;
			children = (
				356722CE224B72EA00E67BE4 /* CollectionViewDataSource.swift */,
				356722CF224B72EA00E67BE4 /* CollectionViewCompatible.swift */,
				356722D0224B72EA00E67BE4 /* CollectionViewSection.swift */,
				356722D1224B72EA00E67BE4 /* CollectionViewData.swift */,
			);
			name = CollectionViewCompatible;
			path = Classes/CollectionViewCompatible;
			sourceTree = SOURCE_ROOT;
		};
		356722D2224B72EA00E67BE4 /* Shared */ = {
			isa = PBXGroup;
			children = (
				356722D3224B72EA00E67BE4 /* CollectionAndTableViewCompatible.swift */,
				356722D4224B72EA00E67BE4 /* Configurable.swift */,
				356722D5224B72EA00E67BE4 /* DisplayCycle.swift */,
			);
			name = Shared;
			path = Classes/Shared;
			sourceTree = SOURCE_ROOT;
		};
		356722D6224B72EA00E67BE4 /* TableViewCompatible */ = {
			isa = PBXGroup;
			children = (
				356722D7224B72EA00E67BE4 /* TableViewDataSource.swift */,
				356722D8224B72EA00E67BE4 /* TableViewCompatible.swift */,
				356722D9224B72EA00E67BE4 /* TableViewData.swift */,
				356722DA224B72EA00E67BE4 /* TableViewSection.swift */,
			);
			name = TableViewCompatible;
			path = Classes/TableViewCompatible;
			sourceTree = SOURCE_ROOT;
		};
/* End PBXGroup section */

/* Begin PBXHeadersBuildPhase section */
		356722BF224B72D200E67BE4 /* Headers */ = {
			isa = PBXHeadersBuildPhase;
			buildActionMask = 2147483647;
			files = (
				356722C9224B72D200E67BE4 /* CollectionAndTableViewCompatible.h in Headers */,
			);
			runOnlyForDeploymentPostprocessing = 0;
		};
/* End PBXHeadersBuildPhase section */

/* Begin PBXNativeTarget section */
		356722C3224B72D200E67BE4 /* CollectionAndTableViewCompatible */ = {
			isa = PBXNativeTarget;
			buildConfigurationList = 356722CC224B72D200E67BE4 /* Build configuration list for PBXNativeTarget "CollectionAndTableViewCompatible" */;
			buildPhases = (
				356722BF224B72D200E67BE4 /* Headers */,
				356722C0224B72D200E67BE4 /* Sources */,
				356722C1224B72D200E67BE4 /* Frameworks */,
				356722C2224B72D200E67BE4 /* Resources */,
			);
			buildRules = (
			);
			dependencies = (
			);
			name = CollectionAndTableViewCompatible;
			productName = CollectionAndTableViewCompatible;
			productReference = 356722C4224B72D200E67BE4 /* CollectionAndTableViewCompatible.framework */;
			productType = "com.apple.product-type.framework";
		};
/* End PBXNativeTarget section */

/* Begin PBXProject section */
		356722B9224B719B00E67BE4 /* Project object */ = {
			isa = PBXProject;
			attributes = {
				LastUpgradeCheck = 1020;
				TargetAttributes = {
					356722C3224B72D200E67BE4 = {
						CreatedOnToolsVersion = 10.2;
					};
				};
			};
			buildConfigurationList = 356722BC224B719B00E67BE4 /* Build configuration list for PBXProject "CollectionAndTableViewCompatible" */;
			compatibilityVersion = "Xcode 9.3";
			developmentRegion = en;
			hasScannedForEncodings = 0;
			knownRegions = (
				en,
			);
			mainGroup = 356722B8224B719B00E67BE4;
			productRefGroup = 356722C5224B72D200E67BE4 /* Products */;
			projectDirPath = "";
			projectRoot = "";
			targets = (
				356722C3224B72D200E67BE4 /* CollectionAndTableViewCompatible */,
			);
		};
/* End PBXProject section */

/* Begin PBXResourcesBuildPhase section */
		356722C2224B72D200E67BE4 /* Resources */ = {
			isa = PBXResourcesBuildPhase;
			buildActionMask = 2147483647;
			files = (
			);
			runOnlyForDeploymentPostprocessing = 0;
		};
/* End PBXResourcesBuildPhase section */

/* Begin PBXSourcesBuildPhase section */
		356722C0224B72D200E67BE4 /* Sources */ = {
			isa = PBXSourcesBuildPhase;
			buildActionMask = 2147483647;
			files = (
				356722E0224B72EA00E67BE4 /* Configurable.swift in Sources */,
				356722DE224B72EA00E67BE4 /* CollectionViewData.swift in Sources */,
				356722E2224B72EA00E67BE4 /* TableViewDataSource.swift in Sources */,
				356722E4224B72EA00E67BE4 /* TableViewData.swift in Sources */,
				356722DD224B72EA00E67BE4 /* CollectionViewSection.swift in Sources */,
				356722DF224B72EA00E67BE4 /* CollectionAndTableViewCompatible.swift in Sources */,
				356722E1224B72EA00E67BE4 /* DisplayCycle.swift in Sources */,
				356722DC224B72EA00E67BE4 /* CollectionViewCompatible.swift in Sources */,
				356722E3224B72EA00E67BE4 /* TableViewCompatible.swift in Sources */,
				356722DB224B72EA00E67BE4 /* CollectionViewDataSource.swift in Sources */,
				356722E5224B72EA00E67BE4 /* TableViewSection.swift in Sources */,
			);
			runOnlyForDeploymentPostprocessing = 0;
		};
/* End PBXSourcesBuildPhase section */

/* Begin XCBuildConfiguration section */
		356722BD224B719B00E67BE4 /* Debug */ = {
			isa = XCBuildConfiguration;
			buildSettings = {
			};
			name = Debug;
		};
		356722BE224B719B00E67BE4 /* Release */ = {
			isa = XCBuildConfiguration;
			buildSettings = {
			};
			name = Release;
		};
		356722CA224B72D200E67BE4 /* Debug */ = {
			isa = XCBuildConfiguration;
			buildSettings = {
				ALWAYS_SEARCH_USER_PATHS = NO;
				CLANG_ANALYZER_NONNULL = YES;
				CLANG_ANALYZER_NUMBER_OBJECT_CONVERSION = YES_AGGRESSIVE;
				CLANG_CXX_LANGUAGE_STANDARD = "gnu++14";
				CLANG_CXX_LIBRARY = "libc++";
				CLANG_ENABLE_MODULES = YES;
				CLANG_ENABLE_OBJC_ARC = YES;
				CLANG_ENABLE_OBJC_WEAK = YES;
				CLANG_WARN_BLOCK_CAPTURE_AUTORELEASING = YES;
				CLANG_WARN_BOOL_CONVERSION = YES;
				CLANG_WARN_COMMA = YES;
				CLANG_WARN_CONSTANT_CONVERSION = YES;
				CLANG_WARN_DEPRECATED_OBJC_IMPLEMENTATIONS = YES;
				CLANG_WARN_DIRECT_OBJC_ISA_USAGE = YES_ERROR;
				CLANG_WARN_DOCUMENTATION_COMMENTS = YES;
				CLANG_WARN_EMPTY_BODY = YES;
				CLANG_WARN_ENUM_CONVERSION = YES;
				CLANG_WARN_INFINITE_RECURSION = YES;
				CLANG_WARN_INT_CONVERSION = YES;
				CLANG_WARN_NON_LITERAL_NULL_CONVERSION = YES;
				CLANG_WARN_OBJC_IMPLICIT_RETAIN_SELF = YES;
				CLANG_WARN_OBJC_LITERAL_CONVERSION = YES;
				CLANG_WARN_OBJC_ROOT_CLASS = YES_ERROR;
				CLANG_WARN_RANGE_LOOP_ANALYSIS = YES;
				CLANG_WARN_STRICT_PROTOTYPES = YES;
				CLANG_WARN_SUSPICIOUS_MOVE = YES;
				CLANG_WARN_UNGUARDED_AVAILABILITY = YES_AGGRESSIVE;
				CLANG_WARN_UNREACHABLE_CODE = YES;
				CLANG_WARN__DUPLICATE_METHOD_MATCH = YES;
				CODE_SIGN_IDENTITY = "iPhone Developer";
				CODE_SIGN_STYLE = Automatic;
				COPY_PHASE_STRIP = NO;
				CURRENT_PROJECT_VERSION = 1;
				DEBUG_INFORMATION_FORMAT = dwarf;
				DEFINES_MODULE = YES;
				DEVELOPMENT_TEAM = M7S8264BY5;
				DYLIB_COMPATIBILITY_VERSION = 1;
				DYLIB_CURRENT_VERSION = 1;
				DYLIB_INSTALL_NAME_BASE = "@rpath";
				ENABLE_STRICT_OBJC_MSGSEND = YES;
				ENABLE_TESTABILITY = YES;
				GCC_C_LANGUAGE_STANDARD = gnu11;
				GCC_DYNAMIC_NO_PIC = NO;
				GCC_NO_COMMON_BLOCKS = YES;
				GCC_OPTIMIZATION_LEVEL = 0;
				GCC_PREPROCESSOR_DEFINITIONS = (
					"DEBUG=1",
					"$(inherited)",
				);
				GCC_WARN_64_TO_32_BIT_CONVERSION = YES;
				GCC_WARN_ABOUT_RETURN_TYPE = YES_ERROR;
				GCC_WARN_UNDECLARED_SELECTOR = YES;
				GCC_WARN_UNINITIALIZED_AUTOS = YES_AGGRESSIVE;
				GCC_WARN_UNUSED_FUNCTION = YES;
				GCC_WARN_UNUSED_VARIABLE = YES;
				INFOPLIST_FILE = CollectionAndTableViewCompatible/Info.plist;
				INSTALL_PATH = "$(LOCAL_LIBRARY_DIR)/Frameworks";
				IPHONEOS_DEPLOYMENT_TARGET = 12.2;
				LD_RUNPATH_SEARCH_PATHS = (
					"$(inherited)",
					"@executable_path/Frameworks",
					"@loader_path/Frameworks",
				);
				MTL_ENABLE_DEBUG_INFO = INCLUDE_SOURCE;
				MTL_FAST_MATH = YES;
				ONLY_ACTIVE_ARCH = YES;
				PRODUCT_BUNDLE_IDENTIFIER = com.jayway.CollectionAndTableViewCompatible;
				PRODUCT_NAME = "$(TARGET_NAME:c99extidentifier)";
				SDKROOT = iphoneos;
				SKIP_INSTALL = YES;
				SWIFT_ACTIVE_COMPILATION_CONDITIONS = DEBUG;
				SWIFT_OPTIMIZATION_LEVEL = "-Onone";
				SWIFT_VERSION = 5.0;
				TARGETED_DEVICE_FAMILY = "1,2";
				VERSIONING_SYSTEM = "apple-generic";
				VERSION_INFO_PREFIX = "";
			};
			name = Debug;
		};
		356722CB224B72D200E67BE4 /* Release */ = {
			isa = XCBuildConfiguration;
			buildSettings = {
				ALWAYS_SEARCH_USER_PATHS = NO;
				CLANG_ANALYZER_NONNULL = YES;
				CLANG_ANALYZER_NUMBER_OBJECT_CONVERSION = YES_AGGRESSIVE;
				CLANG_CXX_LANGUAGE_STANDARD = "gnu++14";
				CLANG_CXX_LIBRARY = "libc++";
				CLANG_ENABLE_MODULES = YES;
				CLANG_ENABLE_OBJC_ARC = YES;
				CLANG_ENABLE_OBJC_WEAK = YES;
				CLANG_WARN_BLOCK_CAPTURE_AUTORELEASING = YES;
				CLANG_WARN_BOOL_CONVERSION = YES;
				CLANG_WARN_COMMA = YES;
				CLANG_WARN_CONSTANT_CONVERSION = YES;
				CLANG_WARN_DEPRECATED_OBJC_IMPLEMENTATIONS = YES;
				CLANG_WARN_DIRECT_OBJC_ISA_USAGE = YES_ERROR;
				CLANG_WARN_DOCUMENTATION_COMMENTS = YES;
				CLANG_WARN_EMPTY_BODY = YES;
				CLANG_WARN_ENUM_CONVERSION = YES;
				CLANG_WARN_INFINITE_RECURSION = YES;
				CLANG_WARN_INT_CONVERSION = YES;
				CLANG_WARN_NON_LITERAL_NULL_CONVERSION = YES;
				CLANG_WARN_OBJC_IMPLICIT_RETAIN_SELF = YES;
				CLANG_WARN_OBJC_LITERAL_CONVERSION = YES;
				CLANG_WARN_OBJC_ROOT_CLASS = YES_ERROR;
				CLANG_WARN_RANGE_LOOP_ANALYSIS = YES;
				CLANG_WARN_STRICT_PROTOTYPES = YES;
				CLANG_WARN_SUSPICIOUS_MOVE = YES;
				CLANG_WARN_UNGUARDED_AVAILABILITY = YES_AGGRESSIVE;
				CLANG_WARN_UNREACHABLE_CODE = YES;
				CLANG_WARN__DUPLICATE_METHOD_MATCH = YES;
				CODE_SIGN_IDENTITY = "iPhone Developer";
				CODE_SIGN_STYLE = Automatic;
				COPY_PHASE_STRIP = NO;
				CURRENT_PROJECT_VERSION = 1;
				DEBUG_INFORMATION_FORMAT = "dwarf-with-dsym";
				DEFINES_MODULE = YES;
				DEVELOPMENT_TEAM = M7S8264BY5;
				DYLIB_COMPATIBILITY_VERSION = 1;
				DYLIB_CURRENT_VERSION = 1;
				DYLIB_INSTALL_NAME_BASE = "@rpath";
				ENABLE_NS_ASSERTIONS = NO;
				ENABLE_STRICT_OBJC_MSGSEND = YES;
				GCC_C_LANGUAGE_STANDARD = gnu11;
				GCC_NO_COMMON_BLOCKS = YES;
				GCC_WARN_64_TO_32_BIT_CONVERSION = YES;
				GCC_WARN_ABOUT_RETURN_TYPE = YES_ERROR;
				GCC_WARN_UNDECLARED_SELECTOR = YES;
				GCC_WARN_UNINITIALIZED_AUTOS = YES_AGGRESSIVE;
				GCC_WARN_UNUSED_FUNCTION = YES;
				GCC_WARN_UNUSED_VARIABLE = YES;
				INFOPLIST_FILE = CollectionAndTableViewCompatible/Info.plist;
				INSTALL_PATH = "$(LOCAL_LIBRARY_DIR)/Frameworks";
				IPHONEOS_DEPLOYMENT_TARGET = 12.2;
				LD_RUNPATH_SEARCH_PATHS = (
					"$(inherited)",
					"@executable_path/Frameworks",
					"@loader_path/Frameworks",
				);
				MTL_ENABLE_DEBUG_INFO = NO;
				MTL_FAST_MATH = YES;
				PRODUCT_BUNDLE_IDENTIFIER = com.jayway.CollectionAndTableViewCompatible;
				PRODUCT_NAME = "$(TARGET_NAME:c99extidentifier)";
				SDKROOT = iphoneos;
				SKIP_INSTALL = YES;
				SWIFT_COMPILATION_MODE = wholemodule;
				SWIFT_OPTIMIZATION_LEVEL = "-O";
				SWIFT_VERSION = 5.0;
				TARGETED_DEVICE_FAMILY = "1,2";
				VALIDATE_PRODUCT = YES;
				VERSIONING_SYSTEM = "apple-generic";
				VERSION_INFO_PREFIX = "";
			};
			name = Release;
		};
/* End XCBuildConfiguration section */

/* Begin XCConfigurationList section */
		356722BC224B719B00E67BE4 /* Build configuration list for PBXProject "CollectionAndTableViewCompatible" */ = {
			isa = XCConfigurationList;
			buildConfigurations = (
				356722BD224B719B00E67BE4 /* Debug */,
				356722BE224B719B00E67BE4 /* Release */,
			);
			defaultConfigurationIsVisible = 0;
			defaultConfigurationName = Release;
		};
		356722CC224B72D200E67BE4 /* Build configuration list for PBXNativeTarget "CollectionAndTableViewCompatible" */ = {
			isa = XCConfigurationList;
			buildConfigurations = (
				356722CA224B72D200E67BE4 /* Debug */,
				356722CB224B72D200E67BE4 /* Release */,
			);
			defaultConfigurationIsVisible = 0;
			defaultConfigurationName = Release;
		};
/* End XCConfigurationList section */
	};
	rootObject = 356722B9224B719B00E67BE4 /* Project object */;
}
